
Microsoft Visual Studio Solution File, Format Version 12.00
# Visual Studio Version 17
VisualStudioVersion = 17.9.34902.65
MinimumVisualStudioVersion = 10.0.40219.1
Project("{8BC9CEB8-8B4A-11D0-8D11-00A0C91BC942}") = "BotW", "BotW\BotW.vcxproj", "{32361038-3C34-4011-A403-639F6A5AEFD0}"
EndProject
Global
	GlobalSection(SolutionConfigurationPlatforms) = preSolution
		Debug|x64 = Debug|x64
		Debug|x86 = Debug|x86
		Release|x64 = Release|x64
		Release|x86 = Release|x86
	EndGlobalSection
	GlobalSection(ProjectConfigurationPlatforms) = postSolution
		{32361038-3C34-4011-A403-639F6A5AEFD0}.Debug|x64.ActiveCfg = Debug|x64
		{32361038-3C34-4011-A403-639F6A5AEFD0}.Debug|x64.Build.0 = Debug|x64
		{32361038-3C34-4011-A403-639F6A5AEFD0}.Debug|x86.ActiveCfg = Debug|Win32
		{32361038-3C34-4011-A403-639F6A5AEFD0}.Debug|x86.Build.0 = Debug|Win32
		{32361038-3C34-4011-A403-639F6A5AEFD0}.Release|x64.ActiveCfg = Release|x64
		{32361038-3C34-4011-A403-639F6A5AEFD0}.Release|x64.Build.0 = Release|x64
		{32361038-3C34-4011-A403-639F6A5AEFD0}.Release|x86.ActiveCfg = Release|Win32
		{32361038-3C34-4011-A403-639F6A5AEFD0}.Release|x86.Build.0 = Release|Win32
	EndGlobalSection
	GlobalSection(SolutionProperties) = preSolution
		HideSolutionNode = FALSE
	EndGlobalSection
	GlobalSection(ExtensibilityGlobals) = postSolution
		SolutionGuid = {9BC4C43F-217D-4364-98C0-F7836FFBA22A}
	EndGlobalSection
EndGlobal
